
Microsoft Visual Studio Solution File, Format Version 12.00
# Visual Studio 2013
VisualStudioVersion = 12.0.40629.0
MinimumVisualStudioVersion = 10.0.40219.1
Project("{8BC9CEB8-8B4A-11D0-8D11-00A0C91BC942}") = "otvdm", "otvdm\otvdm.vcxproj", "{9C0EBE04-AE9A-40D5-ACFA-5F0854456DDA}"
EndProject
Project("{8BC9CEB8-8B4A-11D0-8D11-00A0C91BC942}") = "wine", "wine\wine.vcxproj", "{C978A6C2-F788-4F5E-8E14-73C1B6B521CE}"
EndProject
Project("{8BC9CEB8-8B4A-11D0-8D11-00A0C91BC942}") = "krnl386", "krnl386\krnl386.vcxproj", "{D3F34C25-272C-4E4F-9B6F-BE7ABB472966}"
EndProject
Project("{8BC9CEB8-8B4A-11D0-8D11-00A0C91BC942}") = "wow32", "wow32\wow32.vcxproj", "{E4950E01-C995-49A5-9FED-5EF03155FD65}"
EndProject
Project("{8BC9CEB8-8B4A-11D0-8D11-00A0C91BC942}") = "convspec", "convspec\convspec.vcxproj", "{DC6BA231-C318-436F-8F5C-5E2CC73779E2}"
EndProject
Project("{8BC9CEB8-8B4A-11D0-8D11-00A0C91BC942}") = "user", "user\user.vcxproj", "{066A261B-90F6-4AB7-8F53-1455F068D6F7}"
EndProject
Project("{8BC9CEB8-8B4A-11D0-8D11-00A0C91BC942}") = "vm86", "vm86\vm86.vcxproj", "{0A37BC0E-8433-453D-9DEA-7AAD7C0E6E5C}"
EndProject
Project("{8BC9CEB8-8B4A-11D0-8D11-00A0C91BC942}") = "gdi", "gdi\gdi.vcxproj", "{0EBCFB5B-3092-4E06-A007-CA50B1DA3298}"
EndProject
Project("{8BC9CEB8-8B4A-11D0-8D11-00A0C91BC942}") = "win87em", "win87em\win87em.vcxproj", "{08AEBC9F-464E-41DD-B4CB-F2921F69B591}"
EndProject
Project("{8BC9CEB8-8B4A-11D0-8D11-00A0C91BC942}") = "shell", "shell\shell.vcxproj", "{BD91A02B-907B-4512-A963-1166D1EBC5C4}"
EndProject
Project("{8BC9CEB8-8B4A-11D0-8D11-00A0C91BC942}") = "keyboard", "keyboard\keyboard.vcxproj", "{B83EEE1C-F8DE-4F82-8928-67F1B142E5F2}"
EndProject
Global
	GlobalSection(SolutionConfigurationPlatforms) = preSolution
		Debug|Win32 = Debug|Win32
		Debug-USER.EXE|Win32 = Debug-USER.EXE|Win32
		Release|Win32 = Release|Win32
	EndGlobalSection
	GlobalSection(ProjectConfigurationPlatforms) = postSolution
		{9C0EBE04-AE9A-40D5-ACFA-5F0854456DDA}.Debug|Win32.ActiveCfg = Debug|Win32
		{9C0EBE04-AE9A-40D5-ACFA-5F0854456DDA}.Debug|Win32.Build.0 = Debug|Win32
		{9C0EBE04-AE9A-40D5-ACFA-5F0854456DDA}.Debug-USER.EXE|Win32.ActiveCfg = Debug|Win32
		{9C0EBE04-AE9A-40D5-ACFA-5F0854456DDA}.Debug-USER.EXE|Win32.Build.0 = Debug|Win32
		{9C0EBE04-AE9A-40D5-ACFA-5F0854456DDA}.Release|Win32.ActiveCfg = Release|Win32
		{9C0EBE04-AE9A-40D5-ACFA-5F0854456DDA}.Release|Win32.Build.0 = Release|Win32
		{C978A6C2-F788-4F5E-8E14-73C1B6B521CE}.Debug|Win32.ActiveCfg = Debug|Win32
		{C978A6C2-F788-4F5E-8E14-73C1B6B521CE}.Debug|Win32.Build.0 = Debug|Win32
		{C978A6C2-F788-4F5E-8E14-73C1B6B521CE}.Debug-USER.EXE|Win32.ActiveCfg = Debug|Win32
		{C978A6C2-F788-4F5E-8E14-73C1B6B521CE}.Debug-USER.EXE|Win32.Build.0 = Debug|Win32
		{C978A6C2-F788-4F5E-8E14-73C1B6B521CE}.Release|Win32.ActiveCfg = Release|Win32
		{C978A6C2-F788-4F5E-8E14-73C1B6B521CE}.Release|Win32.Build.0 = Release|Win32
		{D3F34C25-272C-4E4F-9B6F-BE7ABB472966}.Debug|Win32.ActiveCfg = Debug|Win32
		{D3F34C25-272C-4E4F-9B6F-BE7ABB472966}.Debug|Win32.Build.0 = Debug|Win32
		{D3F34C25-272C-4E4F-9B6F-BE7ABB472966}.Debug-USER.EXE|Win32.ActiveCfg = Debug|Win32
		{D3F34C25-272C-4E4F-9B6F-BE7ABB472966}.Debug-USER.EXE|Win32.Build.0 = Debug|Win32
		{D3F34C25-272C-4E4F-9B6F-BE7ABB472966}.Release|Win32.ActiveCfg = Release|Win32
		{D3F34C25-272C-4E4F-9B6F-BE7ABB472966}.Release|Win32.Build.0 = Release|Win32
		{E4950E01-C995-49A5-9FED-5EF03155FD65}.Debug|Win32.ActiveCfg = Debug|Win32
		{E4950E01-C995-49A5-9FED-5EF03155FD65}.Debug|Win32.Build.0 = Debug|Win32
		{E4950E01-C995-49A5-9FED-5EF03155FD65}.Debug-USER.EXE|Win32.ActiveCfg = Debug|Win32
		{E4950E01-C995-49A5-9FED-5EF03155FD65}.Debug-USER.EXE|Win32.Build.0 = Debug|Win32
		{E4950E01-C995-49A5-9FED-5EF03155FD65}.Release|Win32.ActiveCfg = Release|Win32
		{E4950E01-C995-49A5-9FED-5EF03155FD65}.Release|Win32.Build.0 = Release|Win32
		{DC6BA231-C318-436F-8F5C-5E2CC73779E2}.Debug|Win32.ActiveCfg = Debug|Win32
		{DC6BA231-C318-436F-8F5C-5E2CC73779E2}.Debug|Win32.Build.0 = Debug|Win32
		{DC6BA231-C318-436F-8F5C-5E2CC73779E2}.Debug-USER.EXE|Win32.ActiveCfg = Debug-USER.EXE|Win32
		{DC6BA231-C318-436F-8F5C-5E2CC73779E2}.Debug-USER.EXE|Win32.Build.0 = Debug-USER.EXE|Win32
		{DC6BA231-C318-436F-8F5C-5E2CC73779E2}.Release|Win32.ActiveCfg = Release|Win32
		{DC6BA231-C318-436F-8F5C-5E2CC73779E2}.Release|Win32.Build.0 = Release|Win32
		{066A261B-90F6-4AB7-8F53-1455F068D6F7}.Debug|Win32.ActiveCfg = Debug|Win32
		{066A261B-90F6-4AB7-8F53-1455F068D6F7}.Debug|Win32.Build.0 = Debug|Win32
		{066A261B-90F6-4AB7-8F53-1455F068D6F7}.Debug-USER.EXE|Win32.ActiveCfg = Debug|Win32
		{066A261B-90F6-4AB7-8F53-1455F068D6F7}.Debug-USER.EXE|Win32.Build.0 = Debug|Win32
		{066A261B-90F6-4AB7-8F53-1455F068D6F7}.Release|Win32.ActiveCfg = Release|Win32
		{066A261B-90F6-4AB7-8F53-1455F068D6F7}.Release|Win32.Build.0 = Release|Win32
		{0A37BC0E-8433-453D-9DEA-7AAD7C0E6E5C}.Debug|Win32.ActiveCfg = Debug|Win32
		{0A37BC0E-8433-453D-9DEA-7AAD7C0E6E5C}.Debug|Win32.Build.0 = Debug|Win32
		{0A37BC0E-8433-453D-9DEA-7AAD7C0E6E5C}.Debug-USER.EXE|Win32.ActiveCfg = Debug|Win32
		{0A37BC0E-8433-453D-9DEA-7AAD7C0E6E5C}.Debug-USER.EXE|Win32.Build.0 = Debug|Win32
		{0A37BC0E-8433-453D-9DEA-7AAD7C0E6E5C}.Release|Win32.ActiveCfg = Release|Win32
		{0A37BC0E-8433-453D-9DEA-7AAD7C0E6E5C}.Release|Win32.Build.0 = Release|Win32
		{0EBCFB5B-3092-4E06-A007-CA50B1DA3298}.Debug|Win32.ActiveCfg = Debug|Win32
		{0EBCFB5B-3092-4E06-A007-CA50B1DA3298}.Debug|Win32.Build.0 = Debug|Win32
		{0EBCFB5B-3092-4E06-A007-CA50B1DA3298}.Debug-USER.EXE|Win32.ActiveCfg = Debug|Win32
		{0EBCFB5B-3092-4E06-A007-CA50B1DA3298}.Debug-USER.EXE|Win32.Build.0 = Debug|Win32
		{0EBCFB5B-3092-4E06-A007-CA50B1DA3298}.Release|Win32.ActiveCfg = Release|Win32
		{0EBCFB5B-3092-4E06-A007-CA50B1DA3298}.Release|Win32.Build.0 = Release|Win32
		{08AEBC9F-464E-41DD-B4CB-F2921F69B591}.Debug|Win32.ActiveCfg = Debug|Win32
		{08AEBC9F-464E-41DD-B4CB-F2921F69B591}.Debug|Win32.Build.0 = Debug|Win32
		{08AEBC9F-464E-41DD-B4CB-F2921F69B591}.Debug-USER.EXE|Win32.ActiveCfg = Debug|Win32
		{08AEBC9F-464E-41DD-B4CB-F2921F69B591}.Debug-USER.EXE|Win32.Build.0 = Debug|Win32
		{08AEBC9F-464E-41DD-B4CB-F2921F69B591}.Release|Win32.ActiveCfg = Release|Win32
		{08AEBC9F-464E-41DD-B4CB-F2921F69B591}.Release|Win32.Build.0 = Release|Win32
		{BD91A02B-907B-4512-A963-1166D1EBC5C4}.Debug|Win32.ActiveCfg = Debug|Win32
		{BD91A02B-907B-4512-A963-1166D1EBC5C4}.Debug|Win32.Build.0 = Debug|Win32
		{BD91A02B-907B-4512-A963-1166D1EBC5C4}.Debug-USER.EXE|Win32.ActiveCfg = Debug|Win32
		{BD91A02B-907B-4512-A963-1166D1EBC5C4}.Debug-USER.EXE|Win32.Build.0 = Debug|Win32
		{BD91A02B-907B-4512-A963-1166D1EBC5C4}.Release|Win32.ActiveCfg = Release|Win32
		{BD91A02B-907B-4512-A963-1166D1EBC5C4}.Release|Win32.Build.0 = Release|Win32
		{B83EEE1C-F8DE-4F82-8928-67F1B142E5F2}.Debug|Win32.ActiveCfg = Debug|Win32
		{B83EEE1C-F8DE-4F82-8928-67F1B142E5F2}.Debug|Win32.Build.0 = Debug|Win32
		{B83EEE1C-F8DE-4F82-8928-67F1B142E5F2}.Debug-USER.EXE|Win32.ActiveCfg = Debug|Win32
		{B83EEE1C-F8DE-4F82-8928-67F1B142E5F2}.Debug-USER.EXE|Win32.Build.0 = Debug|Win32
		{B83EEE1C-F8DE-4F82-8928-67F1B142E5F2}.Release|Win32.ActiveCfg = Release|Win32
		{B83EEE1C-F8DE-4F82-8928-67F1B142E5F2}.Release|Win32.Build.0 = Release|Win32
	EndGlobalSection
	GlobalSection(SolutionProperties) = preSolution
		HideSolutionNode = FALSE
	EndGlobalSection
EndGlobal
