
Microsoft Visual Studio Solution File, Format Version 12.00
# Visual Studio 15
VisualStudioVersion = 15.0.27703.2000
MinimumVisualStudioVersion = 10.0.40219.1
Project("{8BC9CEB8-8B4A-11D0-8D11-00A0C91BC942}") = "otvdm", "otvdm\otvdm.vcxproj", "{9C0EBE04-AE9A-40D5-ACFA-5F0854456DDA}"
	ProjectSection(ProjectDependencies) = postProject
		{E4950E01-C995-49A5-9FED-5EF03155FD65} = {E4950E01-C995-49A5-9FED-5EF03155FD65}
		{F234FA09-76BC-4154-8420-737CD7FA4EF7} = {F234FA09-76BC-4154-8420-737CD7FA4EF7}
		{7F73550E-724D-4F7A-B192-35A764AC24D6} = {7F73550E-724D-4F7A-B192-35A764AC24D6}
		{0A37BC0E-8433-453D-9DEA-7AAD7C0E6E5C} = {0A37BC0E-8433-453D-9DEA-7AAD7C0E6E5C}
		{7B417913-AE01-41E5-BFEA-AB971B779F63} = {7B417913-AE01-41E5-BFEA-AB971B779F63}
		{B88A001B-29A3-45C1-8FF9-A75CB7C7DCCF} = {B88A001B-29A3-45C1-8FF9-A75CB7C7DCCF}
		{066A261B-90F6-4AB7-8F53-1455F068D6F7} = {066A261B-90F6-4AB7-8F53-1455F068D6F7}
		{B83EEE1C-F8DE-4F82-8928-67F1B142E5F2} = {B83EEE1C-F8DE-4F82-8928-67F1B142E5F2}
		{94C8AE24-778A-4FEB-B3E1-457BDCCE06DF} = {94C8AE24-778A-4FEB-B3E1-457BDCCE06DF}
		{D3F34C25-272C-4E4F-9B6F-BE7ABB472966} = {D3F34C25-272C-4E4F-9B6F-BE7ABB472966}
		{F10EEF26-6451-4988-84D4-D193A4D2BF8C} = {F10EEF26-6451-4988-84D4-D193A4D2BF8C}
		{B3496128-1B1F-4D55-8F7F-7E39A53ABE75} = {B3496128-1B1F-4D55-8F7F-7E39A53ABE75}
		{BD91A02B-907B-4512-A963-1166D1EBC5C4} = {BD91A02B-907B-4512-A963-1166D1EBC5C4}
		{DC6BA231-C318-436F-8F5C-5E2CC73779E2} = {DC6BA231-C318-436F-8F5C-5E2CC73779E2}
		{3D889B37-09C8-4030-B815-830566CD57A3} = {3D889B37-09C8-4030-B815-830566CD57A3}
		{2D769A3B-881A-4307-B6C9-02EBC61211A4} = {2D769A3B-881A-4307-B6C9-02EBC61211A4}
		{96925A3C-9DD9-418E-A772-A112FFE93DC2} = {96925A3C-9DD9-418E-A772-A112FFE93DC2}
		{8914D84A-84BD-4F85-99AC-723F8AEABAEB} = {8914D84A-84BD-4F85-99AC-723F8AEABAEB}
		{6139024B-2348-440D-9192-3A40C3CE31B5} = {6139024B-2348-440D-9192-3A40C3CE31B5}
		{90843552-9BC9-4DF2-AFC5-F4ECEDDF7E58} = {90843552-9BC9-4DF2-AFC5-F4ECEDDF7E58}
		{0EBCFB5B-3092-4E06-A007-CA50B1DA3298} = {0EBCFB5B-3092-4E06-A007-CA50B1DA3298}
		{0DCF5163-4049-4850-92BE-5D6A2444C51D} = {0DCF5163-4049-4850-92BE-5D6A2444C51D}
		{7C04956D-FEBE-410F-ABB1-945695CDDFE5} = {7C04956D-FEBE-410F-ABB1-945695CDDFE5}
		{C8F4997D-B814-43BB-A71B-507B2E956F55} = {C8F4997D-B814-43BB-A71B-507B2E956F55}
		{B1A8AC7F-6B94-4AD0-8471-2C44F3014B5A} = {B1A8AC7F-6B94-4AD0-8471-2C44F3014B5A}
		{3A10E48B-E88F-46C6-8A01-7A62112D0E05} = {3A10E48B-E88F-46C6-8A01-7A62112D0E05}
		{90402A90-8D53-4843-BF11-7AE93361ED13} = {90402A90-8D53-4843-BF11-7AE93361ED13}
		{08AEBC9F-464E-41DD-B4CB-F2921F69B591} = {08AEBC9F-464E-41DD-B4CB-F2921F69B591}
		{D4EED8A5-2B15-4299-9F65-D56383AC7848} = {D4EED8A5-2B15-4299-9F65-D56383AC7848}
		{F9B66ABE-3489-434C-8340-65B3421DC30C} = {F9B66ABE-3489-434C-8340-65B3421DC30C}
		{C978A6C2-F788-4F5E-8E14-73C1B6B521CE} = {C978A6C2-F788-4F5E-8E14-73C1B6B521CE}
		{583655C3-2633-4597-BD31-C5AA1EC78AD2} = {583655C3-2633-4597-BD31-C5AA1EC78AD2}
		{504CC4CA-612C-4681-AD9A-90E51785A5D2} = {504CC4CA-612C-4681-AD9A-90E51785A5D2}
		{6E81B0D8-0218-4EB9-88D7-AD2F2EBD928C} = {6E81B0D8-0218-4EB9-88D7-AD2F2EBD928C}
		{22C717E1-BDA2-4AB0-BF3F-FBBEB46681D4} = {22C717E1-BDA2-4AB0-BF3F-FBBEB46681D4}
		{249FBAE5-EC5D-4988-87AC-A4371D827BA4} = {249FBAE5-EC5D-4988-87AC-A4371D827BA4}
		{B76406F9-E89B-4791-ACDE-CD23813F764B} = {B76406F9-E89B-4791-ACDE-CD23813F764B}
		{F1DEC3F9-706B-410D-91D5-0381BB9BA22A} = {F1DEC3F9-706B-410D-91D5-0381BB9BA22A}
		{4A75E3F9-856A-4854-8AA2-34C06F7415BD} = {4A75E3F9-856A-4854-8AA2-34C06F7415BD}
	EndProjectSection
EndProject
Project("{8BC9CEB8-8B4A-11D0-8D11-00A0C91BC942}") = "wine", "wine\wine.vcxproj", "{C978A6C2-F788-4F5E-8E14-73C1B6B521CE}"
EndProject
Project("{8BC9CEB8-8B4A-11D0-8D11-00A0C91BC942}") = "krnl386", "krnl386\krnl386.vcxproj", "{D3F34C25-272C-4E4F-9B6F-BE7ABB472966}"
	ProjectSection(ProjectDependencies) = postProject
		{E4950E01-C995-49A5-9FED-5EF03155FD65} = {E4950E01-C995-49A5-9FED-5EF03155FD65}
		{0A37BC0E-8433-453D-9DEA-7AAD7C0E6E5C} = {0A37BC0E-8433-453D-9DEA-7AAD7C0E6E5C}
		{DC6BA231-C318-436F-8F5C-5E2CC73779E2} = {DC6BA231-C318-436F-8F5C-5E2CC73779E2}
		{C978A6C2-F788-4F5E-8E14-73C1B6B521CE} = {C978A6C2-F788-4F5E-8E14-73C1B6B521CE}
		{583655C3-2633-4597-BD31-C5AA1EC78AD2} = {583655C3-2633-4597-BD31-C5AA1EC78AD2}
	EndProjectSection
EndProject
Project("{8BC9CEB8-8B4A-11D0-8D11-00A0C91BC942}") = "wow32", "wow32\wow32.vcxproj", "{E4950E01-C995-49A5-9FED-5EF03155FD65}"
EndProject
Project("{8BC9CEB8-8B4A-11D0-8D11-00A0C91BC942}") = "convspec", "convspec\convspec.vcxproj", "{DC6BA231-C318-436F-8F5C-5E2CC73779E2}"
	ProjectSection(ProjectDependencies) = postProject
		{C978A6C2-F788-4F5E-8E14-73C1B6B521CE} = {C978A6C2-F788-4F5E-8E14-73C1B6B521CE}
	EndProjectSection
EndProject
Project("{8BC9CEB8-8B4A-11D0-8D11-00A0C91BC942}") = "user", "user\user.vcxproj", "{066A261B-90F6-4AB7-8F53-1455F068D6F7}"
	ProjectSection(ProjectDependencies) = postProject
		{E4950E01-C995-49A5-9FED-5EF03155FD65} = {E4950E01-C995-49A5-9FED-5EF03155FD65}
		{D3F34C25-272C-4E4F-9B6F-BE7ABB472966} = {D3F34C25-272C-4E4F-9B6F-BE7ABB472966}
		{C978A6C2-F788-4F5E-8E14-73C1B6B521CE} = {C978A6C2-F788-4F5E-8E14-73C1B6B521CE}
		{583655C3-2633-4597-BD31-C5AA1EC78AD2} = {583655C3-2633-4597-BD31-C5AA1EC78AD2}
	EndProjectSection
EndProject
Project("{8BC9CEB8-8B4A-11D0-8D11-00A0C91BC942}") = "vm86", "vm86\vm86.vcxproj", "{0A37BC0E-8433-453D-9DEA-7AAD7C0E6E5C}"
	ProjectSection(ProjectDependencies) = postProject
		{C978A6C2-F788-4F5E-8E14-73C1B6B521CE} = {C978A6C2-F788-4F5E-8E14-73C1B6B521CE}
	EndProjectSection
EndProject
Project("{8BC9CEB8-8B4A-11D0-8D11-00A0C91BC942}") = "gdi", "gdi\gdi.vcxproj", "{0EBCFB5B-3092-4E06-A007-CA50B1DA3298}"
	ProjectSection(ProjectDependencies) = postProject
		{E4950E01-C995-49A5-9FED-5EF03155FD65} = {E4950E01-C995-49A5-9FED-5EF03155FD65}
		{066A261B-90F6-4AB7-8F53-1455F068D6F7} = {066A261B-90F6-4AB7-8F53-1455F068D6F7}
		{D3F34C25-272C-4E4F-9B6F-BE7ABB472966} = {D3F34C25-272C-4E4F-9B6F-BE7ABB472966}
		{DC6BA231-C318-436F-8F5C-5E2CC73779E2} = {DC6BA231-C318-436F-8F5C-5E2CC73779E2}
		{C978A6C2-F788-4F5E-8E14-73C1B6B521CE} = {C978A6C2-F788-4F5E-8E14-73C1B6B521CE}
		{583655C3-2633-4597-BD31-C5AA1EC78AD2} = {583655C3-2633-4597-BD31-C5AA1EC78AD2}
	EndProjectSection
EndProject
Project("{8BC9CEB8-8B4A-11D0-8D11-00A0C91BC942}") = "win87em", "win87em\win87em.vcxproj", "{08AEBC9F-464E-41DD-B4CB-F2921F69B591}"
	ProjectSection(ProjectDependencies) = postProject
		{0A37BC0E-8433-453D-9DEA-7AAD7C0E6E5C} = {0A37BC0E-8433-453D-9DEA-7AAD7C0E6E5C}
		{D3F34C25-272C-4E4F-9B6F-BE7ABB472966} = {D3F34C25-272C-4E4F-9B6F-BE7ABB472966}
		{C978A6C2-F788-4F5E-8E14-73C1B6B521CE} = {C978A6C2-F788-4F5E-8E14-73C1B6B521CE}
	EndProjectSection
EndProject
Project("{8BC9CEB8-8B4A-11D0-8D11-00A0C91BC942}") = "shell", "shell\shell.vcxproj", "{BD91A02B-907B-4512-A963-1166D1EBC5C4}"
	ProjectSection(ProjectDependencies) = postProject
		{E4950E01-C995-49A5-9FED-5EF03155FD65} = {E4950E01-C995-49A5-9FED-5EF03155FD65}
		{D3F34C25-272C-4E4F-9B6F-BE7ABB472966} = {D3F34C25-272C-4E4F-9B6F-BE7ABB472966}
		{C978A6C2-F788-4F5E-8E14-73C1B6B521CE} = {C978A6C2-F788-4F5E-8E14-73C1B6B521CE}
	EndProjectSection
EndProject
Project("{8BC9CEB8-8B4A-11D0-8D11-00A0C91BC942}") = "keyboard", "keyboard\keyboard.vcxproj", "{B83EEE1C-F8DE-4F82-8928-67F1B142E5F2}"
	ProjectSection(ProjectDependencies) = postProject
		{DC6BA231-C318-436F-8F5C-5E2CC73779E2} = {DC6BA231-C318-436F-8F5C-5E2CC73779E2}
		{C978A6C2-F788-4F5E-8E14-73C1B6B521CE} = {C978A6C2-F788-4F5E-8E14-73C1B6B521CE}
		{583655C3-2633-4597-BD31-C5AA1EC78AD2} = {583655C3-2633-4597-BD31-C5AA1EC78AD2}
	EndProjectSection
EndProject
Project("{8BC9CEB8-8B4A-11D0-8D11-00A0C91BC942}") = "winnls", "winnls\winnls.vcxproj", "{F234FA09-76BC-4154-8420-737CD7FA4EF7}"
	ProjectSection(ProjectDependencies) = postProject
		{E4950E01-C995-49A5-9FED-5EF03155FD65} = {E4950E01-C995-49A5-9FED-5EF03155FD65}
		{D3F34C25-272C-4E4F-9B6F-BE7ABB472966} = {D3F34C25-272C-4E4F-9B6F-BE7ABB472966}
		{C978A6C2-F788-4F5E-8E14-73C1B6B521CE} = {C978A6C2-F788-4F5E-8E14-73C1B6B521CE}
	EndProjectSection
EndProject
Project("{8BC9CEB8-8B4A-11D0-8D11-00A0C91BC942}") = "commdlg", "commdlg\commdlg.vcxproj", "{8914D84A-84BD-4F85-99AC-723F8AEABAEB}"
	ProjectSection(ProjectDependencies) = postProject
		{E4950E01-C995-49A5-9FED-5EF03155FD65} = {E4950E01-C995-49A5-9FED-5EF03155FD65}
		{D3F34C25-272C-4E4F-9B6F-BE7ABB472966} = {D3F34C25-272C-4E4F-9B6F-BE7ABB472966}
		{DC6BA231-C318-436F-8F5C-5E2CC73779E2} = {DC6BA231-C318-436F-8F5C-5E2CC73779E2}
		{08AEBC9F-464E-41DD-B4CB-F2921F69B591} = {08AEBC9F-464E-41DD-B4CB-F2921F69B591}
		{583655C3-2633-4597-BD31-C5AA1EC78AD2} = {583655C3-2633-4597-BD31-C5AA1EC78AD2}
	EndProjectSection
EndProject
Project("{8BC9CEB8-8B4A-11D0-8D11-00A0C91BC942}") = "olesvr", "olesvr\olesvr.vcxproj", "{22C717E1-BDA2-4AB0-BF3F-FBBEB46681D4}"
	ProjectSection(ProjectDependencies) = postProject
		{D3F34C25-272C-4E4F-9B6F-BE7ABB472966} = {D3F34C25-272C-4E4F-9B6F-BE7ABB472966}
	EndProjectSection
EndProject
Project("{8BC9CEB8-8B4A-11D0-8D11-00A0C91BC942}") = "lzexpand", "lzexpand\lzexpand.vcxproj", "{3A10E48B-E88F-46C6-8A01-7A62112D0E05}"
	ProjectSection(ProjectDependencies) = postProject
		{D3F34C25-272C-4E4F-9B6F-BE7ABB472966} = {D3F34C25-272C-4E4F-9B6F-BE7ABB472966}
		{DC6BA231-C318-436F-8F5C-5E2CC73779E2} = {DC6BA231-C318-436F-8F5C-5E2CC73779E2}
		{C978A6C2-F788-4F5E-8E14-73C1B6B521CE} = {C978A6C2-F788-4F5E-8E14-73C1B6B521CE}
		{583655C3-2633-4597-BD31-C5AA1EC78AD2} = {583655C3-2633-4597-BD31-C5AA1EC78AD2}
	EndProjectSection
EndProject
Project("{8BC9CEB8-8B4A-11D0-8D11-00A0C91BC942}") = "convertwinefile", "convertwinefile\convertwinefile.vcxproj", "{782AFA35-AE4C-4BC1-9AC9-6D0075AF6AB7}"
EndProject
Project("{8BC9CEB8-8B4A-11D0-8D11-00A0C91BC942}") = "wing", "wing\wing.vcxproj", "{90402A90-8D53-4843-BF11-7AE93361ED13}"
	ProjectSection(ProjectDependencies) = postProject
		{E4950E01-C995-49A5-9FED-5EF03155FD65} = {E4950E01-C995-49A5-9FED-5EF03155FD65}
		{D3F34C25-272C-4E4F-9B6F-BE7ABB472966} = {D3F34C25-272C-4E4F-9B6F-BE7ABB472966}
		{C978A6C2-F788-4F5E-8E14-73C1B6B521CE} = {C978A6C2-F788-4F5E-8E14-73C1B6B521CE}
	EndProjectSection
EndProject
Project("{8BC9CEB8-8B4A-11D0-8D11-00A0C91BC942}") = "mmsystem", "mmsystem\mmsystem.vcxproj", "{249FBAE5-EC5D-4988-87AC-A4371D827BA4}"
	ProjectSection(ProjectDependencies) = postProject
		{E4950E01-C995-49A5-9FED-5EF03155FD65} = {E4950E01-C995-49A5-9FED-5EF03155FD65}
		{D3F34C25-272C-4E4F-9B6F-BE7ABB472966} = {D3F34C25-272C-4E4F-9B6F-BE7ABB472966}
		{DC6BA231-C318-436F-8F5C-5E2CC73779E2} = {DC6BA231-C318-436F-8F5C-5E2CC73779E2}
		{C978A6C2-F788-4F5E-8E14-73C1B6B521CE} = {C978A6C2-F788-4F5E-8E14-73C1B6B521CE}
		{583655C3-2633-4597-BD31-C5AA1EC78AD2} = {583655C3-2633-4597-BD31-C5AA1EC78AD2}
	EndProjectSection
EndProject
Project("{8BC9CEB8-8B4A-11D0-8D11-00A0C91BC942}") = "sound", "sound\sound.vcxproj", "{7B417913-AE01-41E5-BFEA-AB971B779F63}"
	ProjectSection(ProjectDependencies) = postProject
		{D3F34C25-272C-4E4F-9B6F-BE7ABB472966} = {D3F34C25-272C-4E4F-9B6F-BE7ABB472966}
	EndProjectSection
EndProject
Project("{8BC9CEB8-8B4A-11D0-8D11-00A0C91BC942}") = "mouse", "mouse\mouse.vcxproj", "{F1DEC3F9-706B-410D-91D5-0381BB9BA22A}"
	ProjectSection(ProjectDependencies) = postProject
		{E4950E01-C995-49A5-9FED-5EF03155FD65} = {E4950E01-C995-49A5-9FED-5EF03155FD65}
		{D3F34C25-272C-4E4F-9B6F-BE7ABB472966} = {D3F34C25-272C-4E4F-9B6F-BE7ABB472966}
		{DC6BA231-C318-436F-8F5C-5E2CC73779E2} = {DC6BA231-C318-436F-8F5C-5E2CC73779E2}
		{C978A6C2-F788-4F5E-8E14-73C1B6B521CE} = {C978A6C2-F788-4F5E-8E14-73C1B6B521CE}
	EndProjectSection
EndProject
Project("{8BC9CEB8-8B4A-11D0-8D11-00A0C91BC942}") = "wifeman", "wifeman\wifeman.vcxproj", "{B76406F9-E89B-4791-ACDE-CD23813F764B}"
	ProjectSection(ProjectDependencies) = postProject
		{D3F34C25-272C-4E4F-9B6F-BE7ABB472966} = {D3F34C25-272C-4E4F-9B6F-BE7ABB472966}
	EndProjectSection
EndProject
Project("{8BC9CEB8-8B4A-11D0-8D11-00A0C91BC942}") = "ctl3dv2", "ctl3dv2\ctl3dv2.vcxproj", "{7F73550E-724D-4F7A-B192-35A764AC24D6}"
	ProjectSection(ProjectDependencies) = postProject
		{E4950E01-C995-49A5-9FED-5EF03155FD65} = {E4950E01-C995-49A5-9FED-5EF03155FD65}
		{D3F34C25-272C-4E4F-9B6F-BE7ABB472966} = {D3F34C25-272C-4E4F-9B6F-BE7ABB472966}
		{DC6BA231-C318-436F-8F5C-5E2CC73779E2} = {DC6BA231-C318-436F-8F5C-5E2CC73779E2}
		{C978A6C2-F788-4F5E-8E14-73C1B6B521CE} = {C978A6C2-F788-4F5E-8E14-73C1B6B521CE}
		{583655C3-2633-4597-BD31-C5AA1EC78AD2} = {583655C3-2633-4597-BD31-C5AA1EC78AD2}
	EndProjectSection
EndProject
Project("{8BC9CEB8-8B4A-11D0-8D11-00A0C91BC942}") = "ctl3d", "ctl3d\ctl3d.vcxproj", "{B1A8AC7F-6B94-4AD0-8471-2C44F3014B5A}"
	ProjectSection(ProjectDependencies) = postProject
		{E4950E01-C995-49A5-9FED-5EF03155FD65} = {E4950E01-C995-49A5-9FED-5EF03155FD65}
		{D3F34C25-272C-4E4F-9B6F-BE7ABB472966} = {D3F34C25-272C-4E4F-9B6F-BE7ABB472966}
		{DC6BA231-C318-436F-8F5C-5E2CC73779E2} = {DC6BA231-C318-436F-8F5C-5E2CC73779E2}
		{C978A6C2-F788-4F5E-8E14-73C1B6B521CE} = {C978A6C2-F788-4F5E-8E14-73C1B6B521CE}
		{583655C3-2633-4597-BD31-C5AA1EC78AD2} = {583655C3-2633-4597-BD31-C5AA1EC78AD2}
	EndProjectSection
EndProject
Project("{8BC9CEB8-8B4A-11D0-8D11-00A0C91BC942}") = "winoldap", "winoldap\winoldap.vcxproj", "{F10EEF26-6451-4988-84D4-D193A4D2BF8C}"
	ProjectSection(ProjectDependencies) = postProject
		{D3F34C25-272C-4E4F-9B6F-BE7ABB472966} = {D3F34C25-272C-4E4F-9B6F-BE7ABB472966}
	EndProjectSection
EndProject
Project("{8BC9CEB8-8B4A-11D0-8D11-00A0C91BC942}") = "olecli", "olecli\olecli.vcxproj", "{B3496128-1B1F-4D55-8F7F-7E39A53ABE75}"
	ProjectSection(ProjectDependencies) = postProject
		{E4950E01-C995-49A5-9FED-5EF03155FD65} = {E4950E01-C995-49A5-9FED-5EF03155FD65}
		{D3F34C25-272C-4E4F-9B6F-BE7ABB472966} = {D3F34C25-272C-4E4F-9B6F-BE7ABB472966}
		{DC6BA231-C318-436F-8F5C-5E2CC73779E2} = {DC6BA231-C318-436F-8F5C-5E2CC73779E2}
		{3A10E48B-E88F-46C6-8A01-7A62112D0E05} = {3A10E48B-E88F-46C6-8A01-7A62112D0E05}
	EndProjectSection
EndProject
Project("{8BC9CEB8-8B4A-11D0-8D11-00A0C91BC942}") = "vdmwrapper", "vdmwrapper\vdmwrapper.vcxproj", "{B5DDCA06-AEDA-49D4-A464-FED1A97DA3E1}"
EndProject
Project("{8BC9CEB8-8B4A-11D0-8D11-00A0C91BC942}") = "vdmwrapperexe", "vdmwrapperexe\vdmwrapperexe.vcxproj", "{A49725AD-E530-4531-A6FE-E128C7BAA66E}"
EndProject
Project("{8BC9CEB8-8B4A-11D0-8D11-00A0C91BC942}") = "ddeml", "ddeml\ddeml.vcxproj", "{D4EED8A5-2B15-4299-9F65-D56383AC7848}"
	ProjectSection(ProjectDependencies) = postProject
		{E4950E01-C995-49A5-9FED-5EF03155FD65} = {E4950E01-C995-49A5-9FED-5EF03155FD65}
		{D3F34C25-272C-4E4F-9B6F-BE7ABB472966} = {D3F34C25-272C-4E4F-9B6F-BE7ABB472966}
		{DC6BA231-C318-436F-8F5C-5E2CC73779E2} = {DC6BA231-C318-436F-8F5C-5E2CC73779E2}
		{C978A6C2-F788-4F5E-8E14-73C1B6B521CE} = {C978A6C2-F788-4F5E-8E14-73C1B6B521CE}
		{583655C3-2633-4597-BD31-C5AA1EC78AD2} = {583655C3-2633-4597-BD31-C5AA1EC78AD2}
	EndProjectSection
EndProject
Project("{8BC9CEB8-8B4A-11D0-8D11-00A0C91BC942}") = "toolhelp", "toolhelp\toolhelp.vcxproj", "{96925A3C-9DD9-418E-A772-A112FFE93DC2}"
	ProjectSection(ProjectDependencies) = postProject
		{E4950E01-C995-49A5-9FED-5EF03155FD65} = {E4950E01-C995-49A5-9FED-5EF03155FD65}
		{D3F34C25-272C-4E4F-9B6F-BE7ABB472966} = {D3F34C25-272C-4E4F-9B6F-BE7ABB472966}
		{C978A6C2-F788-4F5E-8E14-73C1B6B521CE} = {C978A6C2-F788-4F5E-8E14-73C1B6B521CE}
		{583655C3-2633-4597-BD31-C5AA1EC78AD2} = {583655C3-2633-4597-BD31-C5AA1EC78AD2}
	EndProjectSection
EndProject
Project("{8BC9CEB8-8B4A-11D0-8D11-00A0C91BC942}") = "ver", "ver\ver.vcxproj", "{7C04956D-FEBE-410F-ABB1-945695CDDFE5}"
	ProjectSection(ProjectDependencies) = postProject
		{D3F34C25-272C-4E4F-9B6F-BE7ABB472966} = {D3F34C25-272C-4E4F-9B6F-BE7ABB472966}
	EndProjectSection
EndProject
Project("{8BC9CEB8-8B4A-11D0-8D11-00A0C91BC942}") = "winecrt0", "winecrt0\winecrt0.vcxproj", "{583655C3-2633-4597-BD31-C5AA1EC78AD2}"
	ProjectSection(ProjectDependencies) = postProject
		{C978A6C2-F788-4F5E-8E14-73C1B6B521CE} = {C978A6C2-F788-4F5E-8E14-73C1B6B521CE}
	EndProjectSection
EndProject
Project("{8BC9CEB8-8B4A-11D0-8D11-00A0C91BC942}") = "system", "system.drv16\system.vcxproj", "{6E81B0D8-0218-4EB9-88D7-AD2F2EBD928C}"
	ProjectSection(ProjectDependencies) = postProject
		{0A37BC0E-8433-453D-9DEA-7AAD7C0E6E5C} = {0A37BC0E-8433-453D-9DEA-7AAD7C0E6E5C}
		{D3F34C25-272C-4E4F-9B6F-BE7ABB472966} = {D3F34C25-272C-4E4F-9B6F-BE7ABB472966}
	EndProjectSection
EndProject
Project("{8BC9CEB8-8B4A-11D0-8D11-00A0C91BC942}") = "comm", "comm\comm.vcxproj", "{3D889B37-09C8-4030-B815-830566CD57A3}"
	ProjectSection(ProjectDependencies) = postProject
		{E4950E01-C995-49A5-9FED-5EF03155FD65} = {E4950E01-C995-49A5-9FED-5EF03155FD65}
		{D3F34C25-272C-4E4F-9B6F-BE7ABB472966} = {D3F34C25-272C-4E4F-9B6F-BE7ABB472966}
		{DC6BA231-C318-436F-8F5C-5E2CC73779E2} = {DC6BA231-C318-436F-8F5C-5E2CC73779E2}
		{C978A6C2-F788-4F5E-8E14-73C1B6B521CE} = {C978A6C2-F788-4F5E-8E14-73C1B6B521CE}
		{583655C3-2633-4597-BD31-C5AA1EC78AD2} = {583655C3-2633-4597-BD31-C5AA1EC78AD2}
	EndProjectSection
EndProject
Project("{8BC9CEB8-8B4A-11D0-8D11-00A0C91BC942}") = "ole2", "ole2\ole2.vcxproj", "{F9B66ABE-3489-434C-8340-65B3421DC30C}"
	ProjectSection(ProjectDependencies) = postProject
		{E4950E01-C995-49A5-9FED-5EF03155FD65} = {E4950E01-C995-49A5-9FED-5EF03155FD65}
		{D3F34C25-272C-4E4F-9B6F-BE7ABB472966} = {D3F34C25-272C-4E4F-9B6F-BE7ABB472966}
		{C978A6C2-F788-4F5E-8E14-73C1B6B521CE} = {C978A6C2-F788-4F5E-8E14-73C1B6B521CE}
		{583655C3-2633-4597-BD31-C5AA1EC78AD2} = {583655C3-2633-4597-BD31-C5AA1EC78AD2}
	EndProjectSection
EndProject
Project("{8BC9CEB8-8B4A-11D0-8D11-00A0C91BC942}") = "compobj", "compobj\compobj.vcxproj", "{B88A001B-29A3-45C1-8FF9-A75CB7C7DCCF}"
	ProjectSection(ProjectDependencies) = postProject
		{D3F34C25-272C-4E4F-9B6F-BE7ABB472966} = {D3F34C25-272C-4E4F-9B6F-BE7ABB472966}
	EndProjectSection
EndProject
Project("{8BC9CEB8-8B4A-11D0-8D11-00A0C91BC942}") = "storage", "storage\storage.vcxproj", "{4A75E3F9-856A-4854-8AA2-34C06F7415BD}"
	ProjectSection(ProjectDependencies) = postProject
		{D3F34C25-272C-4E4F-9B6F-BE7ABB472966} = {D3F34C25-272C-4E4F-9B6F-BE7ABB472966}
	EndProjectSection
EndProject
Project("{8BC9CEB8-8B4A-11D0-8D11-00A0C91BC942}") = "winspool", "winspool\winspool.vcxproj", "{C8F4997D-B814-43BB-A71B-507B2E956F55}"
	ProjectSection(ProjectDependencies) = postProject
		{E4950E01-C995-49A5-9FED-5EF03155FD65} = {E4950E01-C995-49A5-9FED-5EF03155FD65}
		{0A37BC0E-8433-453D-9DEA-7AAD7C0E6E5C} = {0A37BC0E-8433-453D-9DEA-7AAD7C0E6E5C}
		{D3F34C25-272C-4E4F-9B6F-BE7ABB472966} = {D3F34C25-272C-4E4F-9B6F-BE7ABB472966}
		{C978A6C2-F788-4F5E-8E14-73C1B6B521CE} = {C978A6C2-F788-4F5E-8E14-73C1B6B521CE}
		{583655C3-2633-4597-BD31-C5AA1EC78AD2} = {583655C3-2633-4597-BD31-C5AA1EC78AD2}
	EndProjectSection
EndProject
Project("{8BC9CEB8-8B4A-11D0-8D11-00A0C91BC942}") = "ole2conv", "ole2conv\ole2conv.vcxproj", "{90843552-9BC9-4DF2-AFC5-F4ECEDDF7E58}"
	ProjectSection(ProjectDependencies) = postProject
		{D3F34C25-272C-4E4F-9B6F-BE7ABB472966} = {D3F34C25-272C-4E4F-9B6F-BE7ABB472966}
	EndProjectSection
EndProject
Project("{8BC9CEB8-8B4A-11D0-8D11-00A0C91BC942}") = "ole2disp", "ole2disp\ole2disp.vcxproj", "{2D769A3B-881A-4307-B6C9-02EBC61211A4}"
	ProjectSection(ProjectDependencies) = postProject
		{D3F34C25-272C-4E4F-9B6F-BE7ABB472966} = {D3F34C25-272C-4E4F-9B6F-BE7ABB472966}
	EndProjectSection
EndProject
Project("{8BC9CEB8-8B4A-11D0-8D11-00A0C91BC942}") = "ole2nls", "ole2nls\ole2nls.vcxproj", "{504CC4CA-612C-4681-AD9A-90E51785A5D2}"
	ProjectSection(ProjectDependencies) = postProject
		{D3F34C25-272C-4E4F-9B6F-BE7ABB472966} = {D3F34C25-272C-4E4F-9B6F-BE7ABB472966}
	EndProjectSection
EndProject
Project("{8BC9CEB8-8B4A-11D0-8D11-00A0C91BC942}") = "ole2prox", "ole2prox\ole2prox.vcxproj", "{6139024B-2348-440D-9192-3A40C3CE31B5}"
	ProjectSection(ProjectDependencies) = postProject
		{D3F34C25-272C-4E4F-9B6F-BE7ABB472966} = {D3F34C25-272C-4E4F-9B6F-BE7ABB472966}
	EndProjectSection
EndProject
Project("{8BC9CEB8-8B4A-11D0-8D11-00A0C91BC942}") = "ole2thx", "ole2thx\ole2thx.vcxproj", "{94C8AE24-778A-4FEB-B3E1-457BDCCE06DF}"
	ProjectSection(ProjectDependencies) = postProject
		{D3F34C25-272C-4E4F-9B6F-BE7ABB472966} = {D3F34C25-272C-4E4F-9B6F-BE7ABB472966}
	EndProjectSection
EndProject
Project("{8BC9CEB8-8B4A-11D0-8D11-00A0C91BC942}") = "winhlp32", "winhlp32\winhlp32.vcxproj", "{37F4B5BE-FB3C-44E7-BA9B-6D0E0C7709F2}"
	ProjectSection(ProjectDependencies) = postProject
		{C978A6C2-F788-4F5E-8E14-73C1B6B521CE} = {C978A6C2-F788-4F5E-8E14-73C1B6B521CE}
	EndProjectSection
EndProject
Project("{8BC9CEB8-8B4A-11D0-8D11-00A0C91BC942}") = "msvideo", "msvideo\msvideo.vcxproj", "{0DCF5163-4049-4850-92BE-5D6A2444C51D}"
	ProjectSection(ProjectDependencies) = postProject
		{D3F34C25-272C-4E4F-9B6F-BE7ABB472966} = {D3F34C25-272C-4E4F-9B6F-BE7ABB472966}
	EndProjectSection
EndProject
Project("{8BC9CEB8-8B4A-11D0-8D11-00A0C91BC942}") = "avifile", "avifile\avifile.vcxproj", "{3825B17A-681F-48CF-B9AD-5337B1F521C8}"
EndProject
Global
	GlobalSection(SolutionConfigurationPlatforms) = preSolution
		Debug|Win32 = Debug|Win32
		Debug|x64 = Debug|x64
		Release|Win32 = Release|Win32
		Release|x64 = Release|x64
	EndGlobalSection
	GlobalSection(ProjectConfigurationPlatforms) = postSolution
		{9C0EBE04-AE9A-40D5-ACFA-5F0854456DDA}.Debug|Win32.ActiveCfg = Debug|Win32
		{9C0EBE04-AE9A-40D5-ACFA-5F0854456DDA}.Debug|Win32.Build.0 = Debug|Win32
		{9C0EBE04-AE9A-40D5-ACFA-5F0854456DDA}.Debug|x64.ActiveCfg = Debug|Win32
		{9C0EBE04-AE9A-40D5-ACFA-5F0854456DDA}.Release|Win32.ActiveCfg = Release|Win32
		{9C0EBE04-AE9A-40D5-ACFA-5F0854456DDA}.Release|Win32.Build.0 = Release|Win32
		{9C0EBE04-AE9A-40D5-ACFA-5F0854456DDA}.Release|x64.ActiveCfg = Release|Win32
		{C978A6C2-F788-4F5E-8E14-73C1B6B521CE}.Debug|Win32.ActiveCfg = Debug|Win32
		{C978A6C2-F788-4F5E-8E14-73C1B6B521CE}.Debug|Win32.Build.0 = Debug|Win32
		{C978A6C2-F788-4F5E-8E14-73C1B6B521CE}.Debug|x64.ActiveCfg = Debug|Win32
		{C978A6C2-F788-4F5E-8E14-73C1B6B521CE}.Release|Win32.ActiveCfg = Release|Win32
		{C978A6C2-F788-4F5E-8E14-73C1B6B521CE}.Release|Win32.Build.0 = Release|Win32
		{C978A6C2-F788-4F5E-8E14-73C1B6B521CE}.Release|x64.ActiveCfg = Release|Win32
		{D3F34C25-272C-4E4F-9B6F-BE7ABB472966}.Debug|Win32.ActiveCfg = Debug|Win32
		{D3F34C25-272C-4E4F-9B6F-BE7ABB472966}.Debug|Win32.Build.0 = Debug|Win32
		{D3F34C25-272C-4E4F-9B6F-BE7ABB472966}.Debug|x64.ActiveCfg = Debug|Win32
		{D3F34C25-272C-4E4F-9B6F-BE7ABB472966}.Release|Win32.ActiveCfg = Release|Win32
		{D3F34C25-272C-4E4F-9B6F-BE7ABB472966}.Release|Win32.Build.0 = Release|Win32
		{D3F34C25-272C-4E4F-9B6F-BE7ABB472966}.Release|x64.ActiveCfg = Release|Win32
		{E4950E01-C995-49A5-9FED-5EF03155FD65}.Debug|Win32.ActiveCfg = Debug|Win32
		{E4950E01-C995-49A5-9FED-5EF03155FD65}.Debug|Win32.Build.0 = Debug|Win32
		{E4950E01-C995-49A5-9FED-5EF03155FD65}.Debug|x64.ActiveCfg = Debug|Win32
		{E4950E01-C995-49A5-9FED-5EF03155FD65}.Release|Win32.ActiveCfg = Release|Win32
		{E4950E01-C995-49A5-9FED-5EF03155FD65}.Release|Win32.Build.0 = Release|Win32
		{E4950E01-C995-49A5-9FED-5EF03155FD65}.Release|x64.ActiveCfg = Release|Win32
		{DC6BA231-C318-436F-8F5C-5E2CC73779E2}.Debug|Win32.ActiveCfg = Debug|Win32
		{DC6BA231-C318-436F-8F5C-5E2CC73779E2}.Debug|Win32.Build.0 = Debug|Win32
		{DC6BA231-C318-436F-8F5C-5E2CC73779E2}.Debug|x64.ActiveCfg = Debug|Win32
		{DC6BA231-C318-436F-8F5C-5E2CC73779E2}.Release|Win32.ActiveCfg = Release|Win32
		{DC6BA231-C318-436F-8F5C-5E2CC73779E2}.Release|Win32.Build.0 = Release|Win32
		{DC6BA231-C318-436F-8F5C-5E2CC73779E2}.Release|x64.ActiveCfg = Release|Win32
		{066A261B-90F6-4AB7-8F53-1455F068D6F7}.Debug|Win32.ActiveCfg = Debug|Win32
		{066A261B-90F6-4AB7-8F53-1455F068D6F7}.Debug|Win32.Build.0 = Debug|Win32
		{066A261B-90F6-4AB7-8F53-1455F068D6F7}.Debug|x64.ActiveCfg = Debug|Win32
		{066A261B-90F6-4AB7-8F53-1455F068D6F7}.Release|Win32.ActiveCfg = Release|Win32
		{066A261B-90F6-4AB7-8F53-1455F068D6F7}.Release|Win32.Build.0 = Release|Win32
		{066A261B-90F6-4AB7-8F53-1455F068D6F7}.Release|x64.ActiveCfg = Release|Win32
		{0A37BC0E-8433-453D-9DEA-7AAD7C0E6E5C}.Debug|Win32.ActiveCfg = Debug|Win32
		{0A37BC0E-8433-453D-9DEA-7AAD7C0E6E5C}.Debug|Win32.Build.0 = Debug|Win32
		{0A37BC0E-8433-453D-9DEA-7AAD7C0E6E5C}.Debug|x64.ActiveCfg = Debug|Win32
		{0A37BC0E-8433-453D-9DEA-7AAD7C0E6E5C}.Release|Win32.ActiveCfg = Release|Win32
		{0A37BC0E-8433-453D-9DEA-7AAD7C0E6E5C}.Release|Win32.Build.0 = Release|Win32
		{0A37BC0E-8433-453D-9DEA-7AAD7C0E6E5C}.Release|x64.ActiveCfg = Release|Win32
		{0EBCFB5B-3092-4E06-A007-CA50B1DA3298}.Debug|Win32.ActiveCfg = Debug|Win32
		{0EBCFB5B-3092-4E06-A007-CA50B1DA3298}.Debug|Win32.Build.0 = Debug|Win32
		{0EBCFB5B-3092-4E06-A007-CA50B1DA3298}.Debug|x64.ActiveCfg = Debug|Win32
		{0EBCFB5B-3092-4E06-A007-CA50B1DA3298}.Release|Win32.ActiveCfg = Release|Win32
		{0EBCFB5B-3092-4E06-A007-CA50B1DA3298}.Release|Win32.Build.0 = Release|Win32
		{0EBCFB5B-3092-4E06-A007-CA50B1DA3298}.Release|x64.ActiveCfg = Release|Win32
		{08AEBC9F-464E-41DD-B4CB-F2921F69B591}.Debug|Win32.ActiveCfg = Debug|Win32
		{08AEBC9F-464E-41DD-B4CB-F2921F69B591}.Debug|Win32.Build.0 = Debug|Win32
		{08AEBC9F-464E-41DD-B4CB-F2921F69B591}.Debug|x64.ActiveCfg = Debug|Win32
		{08AEBC9F-464E-41DD-B4CB-F2921F69B591}.Release|Win32.ActiveCfg = Release|Win32
		{08AEBC9F-464E-41DD-B4CB-F2921F69B591}.Release|Win32.Build.0 = Release|Win32
		{08AEBC9F-464E-41DD-B4CB-F2921F69B591}.Release|x64.ActiveCfg = Release|Win32
		{BD91A02B-907B-4512-A963-1166D1EBC5C4}.Debug|Win32.ActiveCfg = Debug|Win32
		{BD91A02B-907B-4512-A963-1166D1EBC5C4}.Debug|Win32.Build.0 = Debug|Win32
		{BD91A02B-907B-4512-A963-1166D1EBC5C4}.Debug|x64.ActiveCfg = Debug|Win32
		{BD91A02B-907B-4512-A963-1166D1EBC5C4}.Release|Win32.ActiveCfg = Release|Win32
		{BD91A02B-907B-4512-A963-1166D1EBC5C4}.Release|Win32.Build.0 = Release|Win32
		{BD91A02B-907B-4512-A963-1166D1EBC5C4}.Release|x64.ActiveCfg = Release|Win32
		{B83EEE1C-F8DE-4F82-8928-67F1B142E5F2}.Debug|Win32.ActiveCfg = Debug|Win32
		{B83EEE1C-F8DE-4F82-8928-67F1B142E5F2}.Debug|Win32.Build.0 = Debug|Win32
		{B83EEE1C-F8DE-4F82-8928-67F1B142E5F2}.Debug|x64.ActiveCfg = Debug|Win32
		{B83EEE1C-F8DE-4F82-8928-67F1B142E5F2}.Release|Win32.ActiveCfg = Release|Win32
		{B83EEE1C-F8DE-4F82-8928-67F1B142E5F2}.Release|Win32.Build.0 = Release|Win32
		{B83EEE1C-F8DE-4F82-8928-67F1B142E5F2}.Release|x64.ActiveCfg = Release|Win32
		{F234FA09-76BC-4154-8420-737CD7FA4EF7}.Debug|Win32.ActiveCfg = Debug|Win32
		{F234FA09-76BC-4154-8420-737CD7FA4EF7}.Debug|Win32.Build.0 = Debug|Win32
		{F234FA09-76BC-4154-8420-737CD7FA4EF7}.Debug|x64.ActiveCfg = Debug|Win32
		{F234FA09-76BC-4154-8420-737CD7FA4EF7}.Release|Win32.ActiveCfg = Release|Win32
		{F234FA09-76BC-4154-8420-737CD7FA4EF7}.Release|Win32.Build.0 = Release|Win32
		{F234FA09-76BC-4154-8420-737CD7FA4EF7}.Release|x64.ActiveCfg = Release|Win32
		{8914D84A-84BD-4F85-99AC-723F8AEABAEB}.Debug|Win32.ActiveCfg = Debug|Win32
		{8914D84A-84BD-4F85-99AC-723F8AEABAEB}.Debug|Win32.Build.0 = Debug|Win32
		{8914D84A-84BD-4F85-99AC-723F8AEABAEB}.Debug|x64.ActiveCfg = Debug|Win32
		{8914D84A-84BD-4F85-99AC-723F8AEABAEB}.Release|Win32.ActiveCfg = Release|Win32
		{8914D84A-84BD-4F85-99AC-723F8AEABAEB}.Release|Win32.Build.0 = Release|Win32
		{8914D84A-84BD-4F85-99AC-723F8AEABAEB}.Release|x64.ActiveCfg = Release|Win32
		{22C717E1-BDA2-4AB0-BF3F-FBBEB46681D4}.Debug|Win32.ActiveCfg = Debug|Win32
		{22C717E1-BDA2-4AB0-BF3F-FBBEB46681D4}.Debug|Win32.Build.0 = Debug|Win32
		{22C717E1-BDA2-4AB0-BF3F-FBBEB46681D4}.Debug|x64.ActiveCfg = Debug|x64
		{22C717E1-BDA2-4AB0-BF3F-FBBEB46681D4}.Debug|x64.Build.0 = Debug|x64
		{22C717E1-BDA2-4AB0-BF3F-FBBEB46681D4}.Release|Win32.ActiveCfg = Release|Win32
		{22C717E1-BDA2-4AB0-BF3F-FBBEB46681D4}.Release|Win32.Build.0 = Release|Win32
		{22C717E1-BDA2-4AB0-BF3F-FBBEB46681D4}.Release|x64.ActiveCfg = Release|x64
		{22C717E1-BDA2-4AB0-BF3F-FBBEB46681D4}.Release|x64.Build.0 = Release|x64
		{3A10E48B-E88F-46C6-8A01-7A62112D0E05}.Debug|Win32.ActiveCfg = Debug|Win32
		{3A10E48B-E88F-46C6-8A01-7A62112D0E05}.Debug|Win32.Build.0 = Debug|Win32
		{3A10E48B-E88F-46C6-8A01-7A62112D0E05}.Debug|x64.ActiveCfg = Debug|x64
		{3A10E48B-E88F-46C6-8A01-7A62112D0E05}.Debug|x64.Build.0 = Debug|x64
		{3A10E48B-E88F-46C6-8A01-7A62112D0E05}.Release|Win32.ActiveCfg = Release|Win32
		{3A10E48B-E88F-46C6-8A01-7A62112D0E05}.Release|Win32.Build.0 = Release|Win32
		{3A10E48B-E88F-46C6-8A01-7A62112D0E05}.Release|x64.ActiveCfg = Release|x64
		{3A10E48B-E88F-46C6-8A01-7A62112D0E05}.Release|x64.Build.0 = Release|x64
		{782AFA35-AE4C-4BC1-9AC9-6D0075AF6AB7}.Debug|Win32.ActiveCfg = Debug|Win32
		{782AFA35-AE4C-4BC1-9AC9-6D0075AF6AB7}.Debug|Win32.Build.0 = Debug|Win32
		{782AFA35-AE4C-4BC1-9AC9-6D0075AF6AB7}.Debug|x64.ActiveCfg = Debug|x64
		{782AFA35-AE4C-4BC1-9AC9-6D0075AF6AB7}.Debug|x64.Build.0 = Debug|x64
		{782AFA35-AE4C-4BC1-9AC9-6D0075AF6AB7}.Release|Win32.ActiveCfg = Release|Win32
		{782AFA35-AE4C-4BC1-9AC9-6D0075AF6AB7}.Release|Win32.Build.0 = Release|Win32
		{782AFA35-AE4C-4BC1-9AC9-6D0075AF6AB7}.Release|x64.ActiveCfg = Release|x64
		{782AFA35-AE4C-4BC1-9AC9-6D0075AF6AB7}.Release|x64.Build.0 = Release|x64
		{90402A90-8D53-4843-BF11-7AE93361ED13}.Debug|Win32.ActiveCfg = Debug|Win32
		{90402A90-8D53-4843-BF11-7AE93361ED13}.Debug|Win32.Build.0 = Debug|Win32
		{90402A90-8D53-4843-BF11-7AE93361ED13}.Debug|x64.ActiveCfg = Debug|Win32
		{90402A90-8D53-4843-BF11-7AE93361ED13}.Release|Win32.ActiveCfg = Release|Win32
		{90402A90-8D53-4843-BF11-7AE93361ED13}.Release|Win32.Build.0 = Release|Win32
		{90402A90-8D53-4843-BF11-7AE93361ED13}.Release|x64.ActiveCfg = Release|Win32
		{249FBAE5-EC5D-4988-87AC-A4371D827BA4}.Debug|Win32.ActiveCfg = Debug|Win32
		{249FBAE5-EC5D-4988-87AC-A4371D827BA4}.Debug|Win32.Build.0 = Debug|Win32
		{249FBAE5-EC5D-4988-87AC-A4371D827BA4}.Debug|x64.ActiveCfg = Debug|Win32
		{249FBAE5-EC5D-4988-87AC-A4371D827BA4}.Release|Win32.ActiveCfg = Release|Win32
		{249FBAE5-EC5D-4988-87AC-A4371D827BA4}.Release|Win32.Build.0 = Release|Win32
		{249FBAE5-EC5D-4988-87AC-A4371D827BA4}.Release|x64.ActiveCfg = Release|Win32
		{7B417913-AE01-41E5-BFEA-AB971B779F63}.Debug|Win32.ActiveCfg = Debug|Win32
		{7B417913-AE01-41E5-BFEA-AB971B779F63}.Debug|Win32.Build.0 = Debug|Win32
		{7B417913-AE01-41E5-BFEA-AB971B779F63}.Debug|x64.ActiveCfg = Debug|Win32
		{7B417913-AE01-41E5-BFEA-AB971B779F63}.Release|Win32.ActiveCfg = Release|Win32
		{7B417913-AE01-41E5-BFEA-AB971B779F63}.Release|Win32.Build.0 = Release|Win32
		{7B417913-AE01-41E5-BFEA-AB971B779F63}.Release|x64.ActiveCfg = Release|Win32
		{F1DEC3F9-706B-410D-91D5-0381BB9BA22A}.Debug|Win32.ActiveCfg = Debug|Win32
		{F1DEC3F9-706B-410D-91D5-0381BB9BA22A}.Debug|Win32.Build.0 = Debug|Win32
		{F1DEC3F9-706B-410D-91D5-0381BB9BA22A}.Debug|x64.ActiveCfg = Debug|Win32
		{F1DEC3F9-706B-410D-91D5-0381BB9BA22A}.Release|Win32.ActiveCfg = Release|Win32
		{F1DEC3F9-706B-410D-91D5-0381BB9BA22A}.Release|Win32.Build.0 = Release|Win32
		{F1DEC3F9-706B-410D-91D5-0381BB9BA22A}.Release|x64.ActiveCfg = Release|Win32
		{B76406F9-E89B-4791-ACDE-CD23813F764B}.Debug|Win32.ActiveCfg = Debug|Win32
		{B76406F9-E89B-4791-ACDE-CD23813F764B}.Debug|Win32.Build.0 = Debug|Win32
		{B76406F9-E89B-4791-ACDE-CD23813F764B}.Debug|x64.ActiveCfg = Debug|Win32
		{B76406F9-E89B-4791-ACDE-CD23813F764B}.Release|Win32.ActiveCfg = Release|Win32
		{B76406F9-E89B-4791-ACDE-CD23813F764B}.Release|Win32.Build.0 = Release|Win32
		{B76406F9-E89B-4791-ACDE-CD23813F764B}.Release|x64.ActiveCfg = Release|Win32
		{7F73550E-724D-4F7A-B192-35A764AC24D6}.Debug|Win32.ActiveCfg = Debug|Win32
		{7F73550E-724D-4F7A-B192-35A764AC24D6}.Debug|Win32.Build.0 = Debug|Win32
		{7F73550E-724D-4F7A-B192-35A764AC24D6}.Debug|x64.ActiveCfg = Debug|Win32
		{7F73550E-724D-4F7A-B192-35A764AC24D6}.Release|Win32.ActiveCfg = Release|Win32
		{7F73550E-724D-4F7A-B192-35A764AC24D6}.Release|Win32.Build.0 = Release|Win32
		{7F73550E-724D-4F7A-B192-35A764AC24D6}.Release|x64.ActiveCfg = Release|Win32
		{B1A8AC7F-6B94-4AD0-8471-2C44F3014B5A}.Debug|Win32.ActiveCfg = Debug|Win32
		{B1A8AC7F-6B94-4AD0-8471-2C44F3014B5A}.Debug|Win32.Build.0 = Debug|Win32
		{B1A8AC7F-6B94-4AD0-8471-2C44F3014B5A}.Debug|x64.ActiveCfg = Debug|Win32
		{B1A8AC7F-6B94-4AD0-8471-2C44F3014B5A}.Release|Win32.ActiveCfg = Release|Win32
		{B1A8AC7F-6B94-4AD0-8471-2C44F3014B5A}.Release|Win32.Build.0 = Release|Win32
		{B1A8AC7F-6B94-4AD0-8471-2C44F3014B5A}.Release|x64.ActiveCfg = Release|Win32
		{F10EEF26-6451-4988-84D4-D193A4D2BF8C}.Debug|Win32.ActiveCfg = Debug|Win32
		{F10EEF26-6451-4988-84D4-D193A4D2BF8C}.Debug|Win32.Build.0 = Debug|Win32
		{F10EEF26-6451-4988-84D4-D193A4D2BF8C}.Debug|x64.ActiveCfg = Debug|Win32
		{F10EEF26-6451-4988-84D4-D193A4D2BF8C}.Release|Win32.ActiveCfg = Release|Win32
		{F10EEF26-6451-4988-84D4-D193A4D2BF8C}.Release|Win32.Build.0 = Release|Win32
		{F10EEF26-6451-4988-84D4-D193A4D2BF8C}.Release|x64.ActiveCfg = Release|Win32
		{B3496128-1B1F-4D55-8F7F-7E39A53ABE75}.Debug|Win32.ActiveCfg = Debug|Win32
		{B3496128-1B1F-4D55-8F7F-7E39A53ABE75}.Debug|Win32.Build.0 = Debug|Win32
		{B3496128-1B1F-4D55-8F7F-7E39A53ABE75}.Debug|x64.ActiveCfg = Debug|Win32
		{B3496128-1B1F-4D55-8F7F-7E39A53ABE75}.Release|Win32.ActiveCfg = Release|Win32
		{B3496128-1B1F-4D55-8F7F-7E39A53ABE75}.Release|Win32.Build.0 = Release|Win32
		{B3496128-1B1F-4D55-8F7F-7E39A53ABE75}.Release|x64.ActiveCfg = Release|Win32
		{B5DDCA06-AEDA-49D4-A464-FED1A97DA3E1}.Debug|Win32.ActiveCfg = Debug|Win32
		{B5DDCA06-AEDA-49D4-A464-FED1A97DA3E1}.Debug|Win32.Build.0 = Debug|Win32
		{B5DDCA06-AEDA-49D4-A464-FED1A97DA3E1}.Debug|x64.ActiveCfg = Debug|x64
		{B5DDCA06-AEDA-49D4-A464-FED1A97DA3E1}.Debug|x64.Build.0 = Debug|x64
		{B5DDCA06-AEDA-49D4-A464-FED1A97DA3E1}.Release|Win32.ActiveCfg = Release|Win32
		{B5DDCA06-AEDA-49D4-A464-FED1A97DA3E1}.Release|Win32.Build.0 = Release|Win32
		{B5DDCA06-AEDA-49D4-A464-FED1A97DA3E1}.Release|x64.ActiveCfg = Release|x64
		{B5DDCA06-AEDA-49D4-A464-FED1A97DA3E1}.Release|x64.Build.0 = Release|x64
		{A49725AD-E530-4531-A6FE-E128C7BAA66E}.Debug|Win32.ActiveCfg = Debug|Win32
		{A49725AD-E530-4531-A6FE-E128C7BAA66E}.Debug|Win32.Build.0 = Debug|Win32
		{A49725AD-E530-4531-A6FE-E128C7BAA66E}.Debug|x64.ActiveCfg = Debug|x64
		{A49725AD-E530-4531-A6FE-E128C7BAA66E}.Debug|x64.Build.0 = Debug|x64
		{A49725AD-E530-4531-A6FE-E128C7BAA66E}.Release|Win32.ActiveCfg = Release|Win32
		{A49725AD-E530-4531-A6FE-E128C7BAA66E}.Release|Win32.Build.0 = Release|Win32
		{A49725AD-E530-4531-A6FE-E128C7BAA66E}.Release|x64.ActiveCfg = Release|x64
		{A49725AD-E530-4531-A6FE-E128C7BAA66E}.Release|x64.Build.0 = Release|x64
		{D4EED8A5-2B15-4299-9F65-D56383AC7848}.Debug|Win32.ActiveCfg = Debug|Win32
		{D4EED8A5-2B15-4299-9F65-D56383AC7848}.Debug|Win32.Build.0 = Debug|Win32
		{D4EED8A5-2B15-4299-9F65-D56383AC7848}.Debug|x64.ActiveCfg = Debug|Win32
		{D4EED8A5-2B15-4299-9F65-D56383AC7848}.Release|Win32.ActiveCfg = Release|Win32
		{D4EED8A5-2B15-4299-9F65-D56383AC7848}.Release|Win32.Build.0 = Release|Win32
		{D4EED8A5-2B15-4299-9F65-D56383AC7848}.Release|x64.ActiveCfg = Release|Win32
		{96925A3C-9DD9-418E-A772-A112FFE93DC2}.Debug|Win32.ActiveCfg = Debug|Win32
		{96925A3C-9DD9-418E-A772-A112FFE93DC2}.Debug|Win32.Build.0 = Debug|Win32
		{96925A3C-9DD9-418E-A772-A112FFE93DC2}.Debug|x64.ActiveCfg = Debug|Win32
		{96925A3C-9DD9-418E-A772-A112FFE93DC2}.Release|Win32.ActiveCfg = Release|Win32
		{96925A3C-9DD9-418E-A772-A112FFE93DC2}.Release|Win32.Build.0 = Release|Win32
		{96925A3C-9DD9-418E-A772-A112FFE93DC2}.Release|x64.ActiveCfg = Release|Win32
		{7C04956D-FEBE-410F-ABB1-945695CDDFE5}.Debug|Win32.ActiveCfg = Debug|Win32
		{7C04956D-FEBE-410F-ABB1-945695CDDFE5}.Debug|Win32.Build.0 = Debug|Win32
		{7C04956D-FEBE-410F-ABB1-945695CDDFE5}.Debug|x64.ActiveCfg = Debug|Win32
		{7C04956D-FEBE-410F-ABB1-945695CDDFE5}.Release|Win32.ActiveCfg = Release|Win32
		{7C04956D-FEBE-410F-ABB1-945695CDDFE5}.Release|Win32.Build.0 = Release|Win32
		{7C04956D-FEBE-410F-ABB1-945695CDDFE5}.Release|x64.ActiveCfg = Release|Win32
		{583655C3-2633-4597-BD31-C5AA1EC78AD2}.Debug|Win32.ActiveCfg = Debug|Win32
		{583655C3-2633-4597-BD31-C5AA1EC78AD2}.Debug|Win32.Build.0 = Debug|Win32
		{583655C3-2633-4597-BD31-C5AA1EC78AD2}.Debug|x64.ActiveCfg = Debug|x64
		{583655C3-2633-4597-BD31-C5AA1EC78AD2}.Debug|x64.Build.0 = Debug|x64
		{583655C3-2633-4597-BD31-C5AA1EC78AD2}.Release|Win32.ActiveCfg = Release|Win32
		{583655C3-2633-4597-BD31-C5AA1EC78AD2}.Release|Win32.Build.0 = Release|Win32
		{583655C3-2633-4597-BD31-C5AA1EC78AD2}.Release|x64.ActiveCfg = Release|x64
		{583655C3-2633-4597-BD31-C5AA1EC78AD2}.Release|x64.Build.0 = Release|x64
		{6E81B0D8-0218-4EB9-88D7-AD2F2EBD928C}.Debug|Win32.ActiveCfg = Debug|Win32
		{6E81B0D8-0218-4EB9-88D7-AD2F2EBD928C}.Debug|Win32.Build.0 = Debug|Win32
		{6E81B0D8-0218-4EB9-88D7-AD2F2EBD928C}.Debug|x64.ActiveCfg = Debug|Win32
		{6E81B0D8-0218-4EB9-88D7-AD2F2EBD928C}.Release|Win32.ActiveCfg = Release|Win32
		{6E81B0D8-0218-4EB9-88D7-AD2F2EBD928C}.Release|Win32.Build.0 = Release|Win32
		{6E81B0D8-0218-4EB9-88D7-AD2F2EBD928C}.Release|x64.ActiveCfg = Release|Win32
		{3D889B37-09C8-4030-B815-830566CD57A3}.Debug|Win32.ActiveCfg = Debug|Win32
		{3D889B37-09C8-4030-B815-830566CD57A3}.Debug|Win32.Build.0 = Debug|Win32
		{3D889B37-09C8-4030-B815-830566CD57A3}.Debug|x64.ActiveCfg = Debug|Win32
		{3D889B37-09C8-4030-B815-830566CD57A3}.Release|Win32.ActiveCfg = Release|Win32
		{3D889B37-09C8-4030-B815-830566CD57A3}.Release|Win32.Build.0 = Release|Win32
		{3D889B37-09C8-4030-B815-830566CD57A3}.Release|x64.ActiveCfg = Release|Win32
		{F9B66ABE-3489-434C-8340-65B3421DC30C}.Debug|Win32.ActiveCfg = Debug|Win32
		{F9B66ABE-3489-434C-8340-65B3421DC30C}.Debug|Win32.Build.0 = Debug|Win32
		{F9B66ABE-3489-434C-8340-65B3421DC30C}.Debug|x64.ActiveCfg = Debug|Win32
		{F9B66ABE-3489-434C-8340-65B3421DC30C}.Release|Win32.ActiveCfg = Release|Win32
		{F9B66ABE-3489-434C-8340-65B3421DC30C}.Release|Win32.Build.0 = Release|Win32
		{F9B66ABE-3489-434C-8340-65B3421DC30C}.Release|x64.ActiveCfg = Release|Win32
		{B88A001B-29A3-45C1-8FF9-A75CB7C7DCCF}.Debug|Win32.ActiveCfg = Debug|Win32
		{B88A001B-29A3-45C1-8FF9-A75CB7C7DCCF}.Debug|Win32.Build.0 = Debug|Win32
		{B88A001B-29A3-45C1-8FF9-A75CB7C7DCCF}.Debug|x64.ActiveCfg = Debug|Win32
		{B88A001B-29A3-45C1-8FF9-A75CB7C7DCCF}.Release|Win32.ActiveCfg = Release|Win32
		{B88A001B-29A3-45C1-8FF9-A75CB7C7DCCF}.Release|Win32.Build.0 = Release|Win32
		{B88A001B-29A3-45C1-8FF9-A75CB7C7DCCF}.Release|x64.ActiveCfg = Release|Win32
		{4A75E3F9-856A-4854-8AA2-34C06F7415BD}.Debug|Win32.ActiveCfg = Debug|Win32
		{4A75E3F9-856A-4854-8AA2-34C06F7415BD}.Debug|Win32.Build.0 = Debug|Win32
		{4A75E3F9-856A-4854-8AA2-34C06F7415BD}.Debug|x64.ActiveCfg = Debug|Win32
		{4A75E3F9-856A-4854-8AA2-34C06F7415BD}.Release|Win32.ActiveCfg = Release|Win32
		{4A75E3F9-856A-4854-8AA2-34C06F7415BD}.Release|Win32.Build.0 = Release|Win32
		{4A75E3F9-856A-4854-8AA2-34C06F7415BD}.Release|x64.ActiveCfg = Release|Win32
		{C8F4997D-B814-43BB-A71B-507B2E956F55}.Debug|Win32.ActiveCfg = Debug|Win32
		{C8F4997D-B814-43BB-A71B-507B2E956F55}.Debug|Win32.Build.0 = Debug|Win32
		{C8F4997D-B814-43BB-A71B-507B2E956F55}.Debug|x64.ActiveCfg = Debug|Win32
		{C8F4997D-B814-43BB-A71B-507B2E956F55}.Release|Win32.ActiveCfg = Release|Win32
		{C8F4997D-B814-43BB-A71B-507B2E956F55}.Release|Win32.Build.0 = Release|Win32
		{C8F4997D-B814-43BB-A71B-507B2E956F55}.Release|x64.ActiveCfg = Release|Win32
		{90843552-9BC9-4DF2-AFC5-F4ECEDDF7E58}.Debug|Win32.ActiveCfg = Debug|Win32
		{90843552-9BC9-4DF2-AFC5-F4ECEDDF7E58}.Debug|Win32.Build.0 = Debug|Win32
		{90843552-9BC9-4DF2-AFC5-F4ECEDDF7E58}.Debug|x64.ActiveCfg = Debug|Win32
		{90843552-9BC9-4DF2-AFC5-F4ECEDDF7E58}.Release|Win32.ActiveCfg = Release|Win32
		{90843552-9BC9-4DF2-AFC5-F4ECEDDF7E58}.Release|Win32.Build.0 = Release|Win32
		{90843552-9BC9-4DF2-AFC5-F4ECEDDF7E58}.Release|x64.ActiveCfg = Release|Win32
		{2D769A3B-881A-4307-B6C9-02EBC61211A4}.Debug|Win32.ActiveCfg = Debug|Win32
		{2D769A3B-881A-4307-B6C9-02EBC61211A4}.Debug|Win32.Build.0 = Debug|Win32
		{2D769A3B-881A-4307-B6C9-02EBC61211A4}.Debug|x64.ActiveCfg = Debug|Win32
		{2D769A3B-881A-4307-B6C9-02EBC61211A4}.Release|Win32.ActiveCfg = Release|Win32
		{2D769A3B-881A-4307-B6C9-02EBC61211A4}.Release|Win32.Build.0 = Release|Win32
		{2D769A3B-881A-4307-B6C9-02EBC61211A4}.Release|x64.ActiveCfg = Release|Win32
		{504CC4CA-612C-4681-AD9A-90E51785A5D2}.Debug|Win32.ActiveCfg = Debug|Win32
		{504CC4CA-612C-4681-AD9A-90E51785A5D2}.Debug|Win32.Build.0 = Debug|Win32
		{504CC4CA-612C-4681-AD9A-90E51785A5D2}.Debug|x64.ActiveCfg = Debug|Win32
		{504CC4CA-612C-4681-AD9A-90E51785A5D2}.Release|Win32.ActiveCfg = Release|Win32
		{504CC4CA-612C-4681-AD9A-90E51785A5D2}.Release|Win32.Build.0 = Release|Win32
		{504CC4CA-612C-4681-AD9A-90E51785A5D2}.Release|x64.ActiveCfg = Release|Win32
		{6139024B-2348-440D-9192-3A40C3CE31B5}.Debug|Win32.ActiveCfg = Debug|Win32
		{6139024B-2348-440D-9192-3A40C3CE31B5}.Debug|Win32.Build.0 = Debug|Win32
		{6139024B-2348-440D-9192-3A40C3CE31B5}.Debug|x64.ActiveCfg = Debug|Win32
		{6139024B-2348-440D-9192-3A40C3CE31B5}.Release|Win32.ActiveCfg = Release|Win32
		{6139024B-2348-440D-9192-3A40C3CE31B5}.Release|Win32.Build.0 = Release|Win32
		{6139024B-2348-440D-9192-3A40C3CE31B5}.Release|x64.ActiveCfg = Release|Win32
		{94C8AE24-778A-4FEB-B3E1-457BDCCE06DF}.Debug|Win32.ActiveCfg = Debug|Win32
		{94C8AE24-778A-4FEB-B3E1-457BDCCE06DF}.Debug|Win32.Build.0 = Debug|Win32
		{94C8AE24-778A-4FEB-B3E1-457BDCCE06DF}.Debug|x64.ActiveCfg = Debug|Win32
		{94C8AE24-778A-4FEB-B3E1-457BDCCE06DF}.Release|Win32.ActiveCfg = Release|Win32
		{94C8AE24-778A-4FEB-B3E1-457BDCCE06DF}.Release|Win32.Build.0 = Release|Win32
		{94C8AE24-778A-4FEB-B3E1-457BDCCE06DF}.Release|x64.ActiveCfg = Release|Win32
		{37F4B5BE-FB3C-44E7-BA9B-6D0E0C7709F2}.Debug|Win32.ActiveCfg = Debug|Win32
		{37F4B5BE-FB3C-44E7-BA9B-6D0E0C7709F2}.Debug|Win32.Build.0 = Debug|Win32
		{37F4B5BE-FB3C-44E7-BA9B-6D0E0C7709F2}.Debug|x64.ActiveCfg = Debug|Win32
		{37F4B5BE-FB3C-44E7-BA9B-6D0E0C7709F2}.Release|Win32.ActiveCfg = Release|Win32
		{37F4B5BE-FB3C-44E7-BA9B-6D0E0C7709F2}.Release|Win32.Build.0 = Release|Win32
		{37F4B5BE-FB3C-44E7-BA9B-6D0E0C7709F2}.Release|x64.ActiveCfg = Release|Win32
		{0DCF5163-4049-4850-92BE-5D6A2444C51D}.Debug|Win32.ActiveCfg = Debug|Win32
		{0DCF5163-4049-4850-92BE-5D6A2444C51D}.Debug|Win32.Build.0 = Debug|Win32
		{0DCF5163-4049-4850-92BE-5D6A2444C51D}.Debug|x64.ActiveCfg = Debug|Win32
		{0DCF5163-4049-4850-92BE-5D6A2444C51D}.Release|Win32.ActiveCfg = Release|Win32
		{0DCF5163-4049-4850-92BE-5D6A2444C51D}.Release|Win32.Build.0 = Release|Win32
		{0DCF5163-4049-4850-92BE-5D6A2444C51D}.Release|x64.ActiveCfg = Release|Win32
		{3825B17A-681F-48CF-B9AD-5337B1F521C8}.Debug|Win32.ActiveCfg = Debug|Win32
		{3825B17A-681F-48CF-B9AD-5337B1F521C8}.Debug|Win32.Build.0 = Debug|Win32
		{3825B17A-681F-48CF-B9AD-5337B1F521C8}.Debug|x64.ActiveCfg = Debug|Win32
		{3825B17A-681F-48CF-B9AD-5337B1F521C8}.Release|Win32.ActiveCfg = Release|Win32
		{3825B17A-681F-48CF-B9AD-5337B1F521C8}.Release|Win32.Build.0 = Release|Win32
		{3825B17A-681F-48CF-B9AD-5337B1F521C8}.Release|x64.ActiveCfg = Release|Win32
	EndGlobalSection
	GlobalSection(SolutionProperties) = preSolution
		HideSolutionNode = FALSE
	EndGlobalSection
	GlobalSection(ExtensibilityGlobals) = postSolution
		SolutionGuid = {692D1D4A-93CF-4B31-BF6F-4901B375934E}
	EndGlobalSection
EndGlobal
