<?xml version="1.0" encoding="utf-8"?>
<Project ToolsVersion="4.0" xmlns="http://schemas.microsoft.com/developer/msbuild/2003">
  <ItemGroup>
    <Filter Include="ソース ファイル">
      <UniqueIdentifier>{4FC737F1-C7A5-4376-A066-2A32D752A2FF}</UniqueIdentifier>
      <Extensions>cpp;c;cc;cxx;def;odl;idl;hpj;bat;asm;asmx</Extensions>
    </Filter>
    <Filter Include="ヘッダー ファイル">
      <UniqueIdentifier>{93995380-89BD-4b04-88EB-625FBE52EBFB}</UniqueIdentifier>
      <Extensions>h;hh;hpp;hxx;hm;inl;inc;xsd</Extensions>
    </Filter>
    <Filter Include="リソース ファイル">
      <UniqueIdentifier>{67DA6AB6-F800-4c08-8B7A-83BB121AAD01}</UniqueIdentifier>
      <Extensions>rc;ico;cur;bmp;dlg;rc2;rct;bin;rgs;gif;jpg;jpeg;jpe;resx;tiff;tif;png;wav;mfcribbon-ms</Extensions>
    </Filter>
  </ItemGroup>
  <ItemGroup>
    <ClCompile Include="ne_segment.c">
      <Filter>ソース ファイル</Filter>
    </ClCompile>
    <ClCompile Include="ne_module.c">
      <Filter>ソース ファイル</Filter>
    </ClCompile>
    <ClCompile Include="atom.c">
      <Filter>ソース ファイル</Filter>
    </ClCompile>
    <ClCompile Include="fpu.c">
      <Filter>ソース ファイル</Filter>
    </ClCompile>
    <ClCompile Include="global.c">
      <Filter>ソース ファイル</Filter>
    </ClCompile>
    <ClCompile Include="instr.c">
      <Filter>ソース ファイル</Filter>
    </ClCompile>
    <ClCompile Include="error.c">
      <Filter>ソース ファイル</Filter>
    </ClCompile>
    <ClCompile Include="file.c">
      <Filter>ソース ファイル</Filter>
    </ClCompile>
    <ClCompile Include="kernel.c">
      <Filter>ソース ファイル</Filter>
    </ClCompile>
    <ClCompile Include="local.c">
      <Filter>ソース ファイル</Filter>
    </ClCompile>
    <ClCompile Include="thunk.c">
      <Filter>ソース ファイル</Filter>
    </ClCompile>
    <ClCompile Include="timer.c">
      <Filter>ソース ファイル</Filter>
    </ClCompile>
    <ClCompile Include="utthunk.c">
      <Filter>ソース ファイル</Filter>
    </ClCompile>
    <ClCompile Include="registry.c">
      <Filter>ソース ファイル</Filter>
    </ClCompile>
    <ClCompile Include="relay.c">
      <Filter>ソース ファイル</Filter>
    </ClCompile>
    <ClCompile Include="resource.c">
      <Filter>ソース ファイル</Filter>
    </ClCompile>
    <ClCompile Include="selector.c">
      <Filter>ソース ファイル</Filter>
    </ClCompile>
    <ClCompile Include="snoop.c">
      <Filter>ソース ファイル</Filter>
    </ClCompile>
    <ClCompile Include="soundblaster.c">
      <Filter>ソース ファイル</Filter>
    </ClCompile>
    <ClCompile Include="syslevel.c">
      <Filter>ソース ファイル</Filter>
    </ClCompile>
    <ClCompile Include="task.c">
      <Filter>ソース ファイル</Filter>
    </ClCompile>
    <ClCompile Include="vxd.c">
      <Filter>ソース ファイル</Filter>
    </ClCompile>
    <ClCompile Include="wowthunk.c">
      <Filter>ソース ファイル</Filter>
    </ClCompile>
    <ClCompile Include="vga.c">
      <Filter>ソース ファイル</Filter>
    </ClCompile>
    <ClCompile Include="dma.c">
      <Filter>ソース ファイル</Filter>
    </ClCompile>
    <ClCompile Include="dosaspi.c">
      <Filter>ソース ファイル</Filter>
    </ClCompile>
    <ClCompile Include="dosdev.c">
      <Filter>ソース ファイル</Filter>
    </ClCompile>
    <ClCompile Include="dosexe.c">
      <Filter>ソース ファイル</Filter>
    </ClCompile>
    <ClCompile Include="dosmem.c">
      <Filter>ソース ファイル</Filter>
    </ClCompile>
    <ClCompile Include="dosvm.c">
      <Filter>ソース ファイル</Filter>
    </ClCompile>
    <ClCompile Include="interrupts.c">
      <Filter>ソース ファイル</Filter>
    </ClCompile>
    <ClCompile Include="ioports.c">
      <Filter>ソース ファイル</Filter>
    </ClCompile>
    <ClCompile Include="int2f.c">
      <Filter>ソース ファイル</Filter>
    </ClCompile>
    <ClCompile Include="int09.c">
      <Filter>ソース ファイル</Filter>
    </ClCompile>
    <ClCompile Include="int10.c">
      <Filter>ソース ファイル</Filter>
    </ClCompile>
    <ClCompile Include="int13.c">
      <Filter>ソース ファイル</Filter>
    </ClCompile>
    <ClCompile Include="int15.c">
      <Filter>ソース ファイル</Filter>
    </ClCompile>
    <ClCompile Include="int16.c">
      <Filter>ソース ファイル</Filter>
    </ClCompile>
    <ClCompile Include="int21.c">
      <Filter>ソース ファイル</Filter>
    </ClCompile>
    <ClCompile Include="int25.c">
      <Filter>ソース ファイル</Filter>
    </ClCompile>
    <ClCompile Include="int26.c">
      <Filter>ソース ファイル</Filter>
    </ClCompile>
    <ClCompile Include="int31.c">
      <Filter>ソース ファイル</Filter>
    </ClCompile>
    <ClCompile Include="int33.c">
      <Filter>ソース ファイル</Filter>
    </ClCompile>
    <ClCompile Include="int67.c">
      <Filter>ソース ファイル</Filter>
    </ClCompile>
    <ClCompile Include="stub.c">
      <Filter>ソース ファイル</Filter>
    </ClCompile>
    <ClCompile Include="wow_handle.c">
      <Filter>ソース ファイル</Filter>
    </ClCompile>
  </ItemGroup>
  <ItemGroup>
    <ClInclude Include="vga.h">
      <Filter>ソース ファイル</Filter>
    </ClInclude>
    <ClInclude Include="dosexe.h">
      <Filter>ソース ファイル</Filter>
    </ClInclude>
  </ItemGroup>
  <ItemGroup>
    <None Include="krnl386.def">
      <Filter>ソース ファイル</Filter>
    </None>
  </ItemGroup>
  <ItemGroup>
    <Object Include="krnl386.exe16.obj">
      <Filter>ソース ファイル</Filter>
    </Object>
  </ItemGroup>
</Project>