<?xml version="1.0" encoding="utf-8"?>
<Project ToolsVersion="4.0" xmlns="http://schemas.microsoft.com/developer/msbuild/2003">
  <ItemGroup>
    <Filter Include="ソース ファイル">
      <UniqueIdentifier>{4FC737F1-C7A5-4376-A066-2A32D752A2FF}</UniqueIdentifier>
      <Extensions>cpp;c;cc;cxx;def;odl;idl;hpj;bat;asm;asmx</Extensions>
    </Filter>
    <Filter Include="ヘッダー ファイル">
      <UniqueIdentifier>{93995380-89BD-4b04-88EB-625FBE52EBFB}</UniqueIdentifier>
      <Extensions>h;hh;hpp;hxx;hm;inl;inc;xsd</Extensions>
    </Filter>
    <Filter Include="リソース ファイル">
      <UniqueIdentifier>{67DA6AB6-F800-4c08-8B7A-83BB121AAD01}</UniqueIdentifier>
      <Extensions>rc;ico;cur;bmp;dlg;rc2;rct;bin;rgs;gif;jpg;jpeg;jpe;resx;tiff;tif;png;wav;mfcribbon-ms</Extensions>
    </Filter>
  </ItemGroup>
  <ItemGroup>
    <ClCompile Include="hook.c">
      <Filter>ソース ファイル</Filter>
    </ClCompile>
    <ClCompile Include="message.c">
      <Filter>ソース ファイル</Filter>
    </ClCompile>
    <ClCompile Include="network.c">
      <Filter>ソース ファイル</Filter>
    </ClCompile>
    <ClCompile Include="user.c">
      <Filter>ソース ファイル</Filter>
    </ClCompile>
    <ClCompile Include="window.c">
      <Filter>ソース ファイル</Filter>
    </ClCompile>
    <ClCompile Include="bidi.c">
      <Filter>ソース ファイル</Filter>
    </ClCompile>
    <ClCompile Include="comm.c">
      <Filter>ソース ファイル</Filter>
    </ClCompile>
    <ClCompile Include="dialog.c">
      <Filter>ソース ファイル</Filter>
    </ClCompile>
    <ClCompile Include="stub.cpp">
      <Filter>ソース ファイル</Filter>
    </ClCompile>
  </ItemGroup>
  <ItemGroup>
    <ClInclude Include="user_private.h">
      <Filter>ソース ファイル</Filter>
    </ClInclude>
    <ClInclude Include="message_table.h">
      <Filter>ヘッダー ファイル</Filter>
    </ClInclude>
  </ItemGroup>
  <ItemGroup>
    <Object Include="user.exe16.obj" />
  </ItemGroup>
  <ItemGroup>
    <None Include="user.def">
      <Filter>ソース ファイル</Filter>
    </None>
  </ItemGroup>
  <ItemGroup>
    <CustomBuild Include="user.exe16.spec">
      <Filter>ソース ファイル</Filter>
    </CustomBuild>
  </ItemGroup>
</Project>